speakeasyVersion: 1.682.0
sources:
    FireHydrant-OAS:
        sourceNamespace: fire-hydrant-oas
        sourceRevisionDigest: sha256:a57a0b9c7838d2d0de4bcebe8959254612a7bc492192443a6367da9fac36a970
        sourceBlobDigest: sha256:fcbec2313610ce252fc40b13d17506befa4e69a2887cb6a47df50c37d65c6881
        tags:
            - latest
    firehydrant-oas:
        sourceNamespace: firehydrant-oas
        sourceRevisionDigest: sha256:c64171a8ede22682e99faf43521037dfe52edd8772bbe7b39eb0d4c0006da265
        sourceBlobDigest: sha256:6387d519d156ca1bb637eecad25876fafa3833f3cc8a24d515dd29b0cb8d11dd
        tags:
            - latest
            - speakeasy-sdk-regen-1762475570
            - 0.0.1
targets:
    fire-hydrant:
        source: firehydrant-oas
        sourceNamespace: firehydrant-oas
        sourceRevisionDigest: sha256:c64171a8ede22682e99faf43521037dfe52edd8772bbe7b39eb0d4c0006da265
        sourceBlobDigest: sha256:6387d519d156ca1bb637eecad25876fafa3833f3cc8a24d515dd29b0cb8d11dd
        codeSamplesNamespace: firehydrant-oas-go-code-samples
        codeSamplesRevisionDigest: sha256:66ff11793a692cbc6872646975431eff22458b6016bb99c42bce3ab3ec823c42
workflow:
    workflowVersion: 1.0.0
    speakeasyVersion: latest
    sources:
        firehydrant-oas:
            inputs:
                - location: ${GITHUB_WORKSPACE}/openapi.json
            registry:
                location: registry.speakeasyapi.dev/firehydrant/firehydrant/firehydrant-oas
    targets:
        fire-hydrant:
            target: go
            source: firehydrant-oas
            codeSamples:
                registry:
                    location: registry.speakeasyapi.dev/firehydrant/firehydrant/firehydrant-oas-go-code-samples
                blocking: false
