speakeasyVersion: 1.646.0
sources:
    FireHydrant-OAS:
        sourceNamespace: fire-hydrant-oas
        sourceRevisionDigest: sha256:a57a0b9c7838d2d0de4bcebe8959254612a7bc492192443a6367da9fac36a970
        sourceBlobDigest: sha256:fcbec2313610ce252fc40b13d17506befa4e69a2887cb6a47df50c37d65c6881
        tags:
            - latest
    firehydrant-oas:
        sourceNamespace: firehydrant-oas
        sourceRevisionDigest: sha256:b752499e8d32196d45abad1fbb372568c5a73359bfe2597424b9e71e41073401
        sourceBlobDigest: sha256:1f2c8b5b86a50578de204f822cc5803bc639b5033867027dbded522076ff50e1
        tags:
            - latest
            - speakeasy-sdk-regen-1762184493
            - 0.0.1
targets:
    fire-hydrant:
        source: firehydrant-oas
        sourceNamespace: firehydrant-oas
        sourceRevisionDigest: sha256:b752499e8d32196d45abad1fbb372568c5a73359bfe2597424b9e71e41073401
        sourceBlobDigest: sha256:1f2c8b5b86a50578de204f822cc5803bc639b5033867027dbded522076ff50e1
        codeSamplesNamespace: firehydrant-oas-go-code-samples
        codeSamplesRevisionDigest: sha256:20f42c5eca5599513edd012619047ff12bc1b0e904135e2f7122a32470f823cc
workflow:
    workflowVersion: 1.0.0
    speakeasyVersion: latest
    sources:
        firehydrant-oas:
            inputs:
                - location: ${GITHUB_WORKSPACE}/openapi.json
            registry:
                location: registry.speakeasyapi.dev/firehydrant/firehydrant/firehydrant-oas
    targets:
        fire-hydrant:
            target: go
            source: firehydrant-oas
            codeSamples:
                registry:
                    location: registry.speakeasyapi.dev/firehydrant/firehydrant/firehydrant-oas-go-code-samples
                blocking: false
