speakeasyVersion: 1.609.0
sources:
    FireHydrant-OAS:
        sourceNamespace: fire-hydrant-oas
        sourceRevisionDigest: sha256:a57a0b9c7838d2d0de4bcebe8959254612a7bc492192443a6367da9fac36a970
        sourceBlobDigest: sha256:fcbec2313610ce252fc40b13d17506befa4e69a2887cb6a47df50c37d65c6881
        tags:
            - latest
    firehydrant-oas:
        sourceNamespace: firehydrant-oas
        sourceRevisionDigest: sha256:cbef1c238eb886da937d1aae09079b8ead60ef48be68c6be2041bac02b4669cc
        sourceBlobDigest: sha256:40ca76a505d6c9874d8090f0d7233da5ec156cbece9db3e44bb981476d664adb
        tags:
            - latest
            - speakeasy-sdk-regen-1756859358
            - 0.0.1
targets:
    fire-hydrant:
        source: firehydrant-oas
        sourceNamespace: firehydrant-oas
        sourceRevisionDigest: sha256:cbef1c238eb886da937d1aae09079b8ead60ef48be68c6be2041bac02b4669cc
        sourceBlobDigest: sha256:40ca76a505d6c9874d8090f0d7233da5ec156cbece9db3e44bb981476d664adb
        codeSamplesNamespace: firehydrant-oas-go-code-samples
        codeSamplesRevisionDigest: sha256:6dea56747baf128ea8bde26cf092fc8f55bdefe9f2537b9ef03e6a2c60052c5d
workflow:
    workflowVersion: 1.0.0
    speakeasyVersion: latest
    sources:
        firehydrant-oas:
            inputs:
                - location: ${GITHUB_WORKSPACE}/openapi.json
            registry:
                location: registry.speakeasyapi.dev/firehydrant/firehydrant/firehydrant-oas
    targets:
        fire-hydrant:
            target: go
            source: firehydrant-oas
            codeSamples:
                registry:
                    location: registry.speakeasyapi.dev/firehydrant/firehydrant/firehydrant-oas-go-code-samples
                blocking: false
